
Microsoft Visual Studio Solution File, Format Version 12.00
# Visual Studio Version 16
VisualStudioVersion = 16.0.31515.178
MinimumVisualStudioVersion = 10.0.40219.1
Project("{FAE04EC0-301F-11D3-BF4B-00C04F79EFBC}") = "FutbolOyunu", "FutbolOyunu\FutbolOyunu.csproj", "{6310883F-4A27-442F-8664-13F8CE220D59}"
EndProject
Global
	GlobalSection(SolutionConfigurationPlatforms) = preSolution
		Debug|Any CPU = Debug|Any CPU
		Release|Any CPU = Release|Any CPU
	EndGlobalSection
	GlobalSection(ProjectConfigurationPlatforms) = postSolution
		{6310883F-4A27-442F-8664-13F8CE220D59}.Debug|Any CPU.ActiveCfg = Debug|Any CPU
		{6310883F-4A27-442F-8664-13F8CE220D59}.Debug|Any CPU.Build.0 = Debug|Any CPU
		{6310883F-4A27-442F-8664-13F8CE220D59}.Release|Any CPU.ActiveCfg = Release|Any CPU
		{6310883F-4A27-442F-8664-13F8CE220D59}.Release|Any CPU.Build.0 = Release|Any CPU
	EndGlobalSection
	GlobalSection(SolutionProperties) = preSolution
		HideSolutionNode = FALSE
	EndGlobalSection
	GlobalSection(ExtensibilityGlobals) = postSolution
		SolutionGuid = {23338561-78A8-4430-9BE1-ECCEB0AC10BD}
	EndGlobalSection
EndGlobal
